{
  "name": "har-mock",
  "version": "0.1.2",
  "lockfileVersion": 3,
  "requires": true,
  "packages": {
    "": {
      "name": "har-mock",
      "version": "0.1.2",
      "license": "MIT",
      "dependencies": {
        "clite-parser": "^0.7.7"
      },
      "bin": {
        "har-mock": "har-mock-server.mjs"
      }
    },
    "node_modules/clite-parser": {
      "version": "0.7.7",
      "resolved": "https://registry.npmjs.org/clite-parser/-/clite-parser-0.7.7.tgz",
      "integrity": "sha512-a5ZqbMRyDJRNKt9Cr9z1zqG/SUbYKfqXA5+WYhKCye+UdXBzhDjuFPc4MqPVghqTv1o6+nSRJepcDdgfbSt15g=="
    }
  }
}
